
Microsoft Visual Studio Solution File, Format Version 12.00
# Visual Studio Version 17
VisualStudioVersion = 17.3.32929.385
MinimumVisualStudioVersion = 10.0.40219.1
Project("{FAE04EC0-301F-11D3-BF4B-00C04F79EFBC}") = "OrderFoodApp1.Android", "OrderFoodApp1\OrderFoodApp1.Android\OrderFoodApp1.Android.csproj", "{FD482F63-393D-4E81-B95A-85F914DC5904}"
EndProject
Project("{FAE04EC0-301F-11D3-BF4B-00C04F79EFBC}") = "OrderFoodApp1.iOS", "OrderFoodApp1\OrderFoodApp1.iOS\OrderFoodApp1.iOS.csproj", "{B1455B08-C8E3-435F-8A3E-3CC7882C54D7}"
EndProject
Project("{FAE04EC0-301F-11D3-BF4B-00C04F79EFBC}") = "OrderFoodApp1", "OrderFoodApp1\OrderFoodApp1\OrderFoodApp1.csproj", "{67BBF362-584B-4AB4-B767-2662899DAFC0}"
EndProject
Global
	GlobalSection(SolutionConfigurationPlatforms) = preSolution
		Debug|Any CPU = Debug|Any CPU
		Debug|iPhone = Debug|iPhone
		Debug|iPhoneSimulator = Debug|iPhoneSimulator
		Release|Any CPU = Release|Any CPU
		Release|iPhone = Release|iPhone
		Release|iPhoneSimulator = Release|iPhoneSimulator
	EndGlobalSection
	GlobalSection(ProjectConfigurationPlatforms) = postSolution
		{FD482F63-393D-4E81-B95A-85F914DC5904}.Debug|Any CPU.ActiveCfg = Debug|Any CPU
		{FD482F63-393D-4E81-B95A-85F914DC5904}.Debug|Any CPU.Build.0 = Debug|Any CPU
		{FD482F63-393D-4E81-B95A-85F914DC5904}.Debug|Any CPU.Deploy.0 = Debug|Any CPU
		{FD482F63-393D-4E81-B95A-85F914DC5904}.Debug|iPhone.ActiveCfg = Debug|Any CPU
		{FD482F63-393D-4E81-B95A-85F914DC5904}.Debug|iPhone.Build.0 = Debug|Any CPU
		{FD482F63-393D-4E81-B95A-85F914DC5904}.Debug|iPhone.Deploy.0 = Debug|Any CPU
		{FD482F63-393D-4E81-B95A-85F914DC5904}.Debug|iPhoneSimulator.ActiveCfg = Debug|Any CPU
		{FD482F63-393D-4E81-B95A-85F914DC5904}.Debug|iPhoneSimulator.Build.0 = Debug|Any CPU
		{FD482F63-393D-4E81-B95A-85F914DC5904}.Debug|iPhoneSimulator.Deploy.0 = Debug|Any CPU
		{FD482F63-393D-4E81-B95A-85F914DC5904}.Release|Any CPU.ActiveCfg = Release|Any CPU
		{FD482F63-393D-4E81-B95A-85F914DC5904}.Release|Any CPU.Build.0 = Release|Any CPU
		{FD482F63-393D-4E81-B95A-85F914DC5904}.Release|Any CPU.Deploy.0 = Release|Any CPU
		{FD482F63-393D-4E81-B95A-85F914DC5904}.Release|iPhone.ActiveCfg = Release|Any CPU
		{FD482F63-393D-4E81-B95A-85F914DC5904}.Release|iPhone.Build.0 = Release|Any CPU
		{FD482F63-393D-4E81-B95A-85F914DC5904}.Release|iPhone.Deploy.0 = Release|Any CPU
		{FD482F63-393D-4E81-B95A-85F914DC5904}.Release|iPhoneSimulator.ActiveCfg = Release|Any CPU
		{FD482F63-393D-4E81-B95A-85F914DC5904}.Release|iPhoneSimulator.Build.0 = Release|Any CPU
		{FD482F63-393D-4E81-B95A-85F914DC5904}.Release|iPhoneSimulator.Deploy.0 = Release|Any CPU
		{B1455B08-C8E3-435F-8A3E-3CC7882C54D7}.Debug|Any CPU.ActiveCfg = Debug|iPhone
		{B1455B08-C8E3-435F-8A3E-3CC7882C54D7}.Debug|Any CPU.Build.0 = Debug|iPhone
		{B1455B08-C8E3-435F-8A3E-3CC7882C54D7}.Debug|Any CPU.Deploy.0 = Debug|iPhone
		{B1455B08-C8E3-435F-8A3E-3CC7882C54D7}.Debug|iPhone.ActiveCfg = Debug|iPhone
		{B1455B08-C8E3-435F-8A3E-3CC7882C54D7}.Debug|iPhone.Build.0 = Debug|iPhone
		{B1455B08-C8E3-435F-8A3E-3CC7882C54D7}.Debug|iPhone.Deploy.0 = Debug|iPhone
		{B1455B08-C8E3-435F-8A3E-3CC7882C54D7}.Debug|iPhoneSimulator.ActiveCfg = Debug|iPhoneSimulator
		{B1455B08-C8E3-435F-8A3E-3CC7882C54D7}.Debug|iPhoneSimulator.Build.0 = Debug|iPhoneSimulator
		{B1455B08-C8E3-435F-8A3E-3CC7882C54D7}.Debug|iPhoneSimulator.Deploy.0 = Debug|iPhoneSimulator
		{B1455B08-C8E3-435F-8A3E-3CC7882C54D7}.Release|Any CPU.ActiveCfg = Release|iPhoneSimulator
		{B1455B08-C8E3-435F-8A3E-3CC7882C54D7}.Release|Any CPU.Build.0 = Release|iPhoneSimulator
		{B1455B08-C8E3-435F-8A3E-3CC7882C54D7}.Release|Any CPU.Deploy.0 = Release|iPhoneSimulator
		{B1455B08-C8E3-435F-8A3E-3CC7882C54D7}.Release|iPhone.ActiveCfg = Release|iPhone
		{B1455B08-C8E3-435F-8A3E-3CC7882C54D7}.Release|iPhone.Build.0 = Release|iPhone
		{B1455B08-C8E3-435F-8A3E-3CC7882C54D7}.Release|iPhone.Deploy.0 = Release|iPhone
		{B1455B08-C8E3-435F-8A3E-3CC7882C54D7}.Release|iPhoneSimulator.ActiveCfg = Release|iPhoneSimulator
		{B1455B08-C8E3-435F-8A3E-3CC7882C54D7}.Release|iPhoneSimulator.Build.0 = Release|iPhoneSimulator
		{B1455B08-C8E3-435F-8A3E-3CC7882C54D7}.Release|iPhoneSimulator.Deploy.0 = Release|iPhoneSimulator
		{67BBF362-584B-4AB4-B767-2662899DAFC0}.Debug|Any CPU.ActiveCfg = Debug|Any CPU
		{67BBF362-584B-4AB4-B767-2662899DAFC0}.Debug|Any CPU.Build.0 = Debug|Any CPU
		{67BBF362-584B-4AB4-B767-2662899DAFC0}.Debug|Any CPU.Deploy.0 = Debug|Any CPU
		{67BBF362-584B-4AB4-B767-2662899DAFC0}.Debug|iPhone.ActiveCfg = Debug|Any CPU
		{67BBF362-584B-4AB4-B767-2662899DAFC0}.Debug|iPhone.Build.0 = Debug|Any CPU
		{67BBF362-584B-4AB4-B767-2662899DAFC0}.Debug|iPhone.Deploy.0 = Debug|Any CPU
		{67BBF362-584B-4AB4-B767-2662899DAFC0}.Debug|iPhoneSimulator.ActiveCfg = Debug|Any CPU
		{67BBF362-584B-4AB4-B767-2662899DAFC0}.Debug|iPhoneSimulator.Build.0 = Debug|Any CPU
		{67BBF362-584B-4AB4-B767-2662899DAFC0}.Debug|iPhoneSimulator.Deploy.0 = Debug|Any CPU
		{67BBF362-584B-4AB4-B767-2662899DAFC0}.Release|Any CPU.ActiveCfg = Release|Any CPU
		{67BBF362-584B-4AB4-B767-2662899DAFC0}.Release|Any CPU.Build.0 = Release|Any CPU
		{67BBF362-584B-4AB4-B767-2662899DAFC0}.Release|Any CPU.Deploy.0 = Release|Any CPU
		{67BBF362-584B-4AB4-B767-2662899DAFC0}.Release|iPhone.ActiveCfg = Release|Any CPU
		{67BBF362-584B-4AB4-B767-2662899DAFC0}.Release|iPhone.Build.0 = Release|Any CPU
		{67BBF362-584B-4AB4-B767-2662899DAFC0}.Release|iPhone.Deploy.0 = Release|Any CPU
		{67BBF362-584B-4AB4-B767-2662899DAFC0}.Release|iPhoneSimulator.ActiveCfg = Release|Any CPU
		{67BBF362-584B-4AB4-B767-2662899DAFC0}.Release|iPhoneSimulator.Build.0 = Release|Any CPU
		{67BBF362-584B-4AB4-B767-2662899DAFC0}.Release|iPhoneSimulator.Deploy.0 = Release|Any CPU
	EndGlobalSection
	GlobalSection(SolutionProperties) = preSolution
		HideSolutionNode = FALSE
	EndGlobalSection
	GlobalSection(ExtensibilityGlobals) = postSolution
		SolutionGuid = {DB6C7E07-C405-4BBE-83B5-C7BD7D5D3B14}
	EndGlobalSection
EndGlobal
